
Microsoft Visual Studio Solution File, Format Version 12.00
# Visual Studio Version 17
VisualStudioVersion = 17.14.36603.0
MinimumVisualStudioVersion = 10.0.40219.1
Project("{8BC9CEB8-8B4A-11D0-8D11-00A0C91BC942}") = "WinAPI", "WinAPI\WinAPI.vcxproj", "{8A365E9A-29CD-446B-A7ED-C57586ECD319}"
EndProject
Project("{8BC9CEB8-8B4A-11D0-8D11-00A0C91BC942}") = "DialogBox", "DialogBox\DialogBox.vcxproj", "{7AB89EE5-EFD1-4E31-A8E8-83BD9C32DDE0}"
EndProject
Project("{8BC9CEB8-8B4A-11D0-8D11-00A0C91BC942}") = "ComboBox", "ComboBox\ComboBox.vcxproj", "{517FFB10-961E-4A42-88AE-D8BEF1AEA40A}"
EndProject
Project("{8BC9CEB8-8B4A-11D0-8D11-00A0C91BC942}") = "MainWindow", "MainWindow\MainWindow.vcxproj", "{D8F66C1A-88E8-4264-8042-E95C130078B2}"
EndProject
Project("{8BC9CEB8-8B4A-11D0-8D11-00A0C91BC942}") = "ListBox", "ListBox\ListBox.vcxproj", "{3B08EAA8-0FFE-4E71-9CFA-318BE80A77C7}"
EndProject
Project("{8BC9CEB8-8B4A-11D0-8D11-00A0C91BC942}") = "Calc", "Calc\Calc.vcxproj", "{1E2C969B-CCDB-449B-8136-34447CA0F906}"
EndProject
Project("{8BC9CEB8-8B4A-11D0-8D11-00A0C91BC942}") = "Resource-onlyDLL", "Resource-onlyDLL\Resource-onlyDLL.vcxproj", "{24CAD3AC-5A6C-4B71-A101-7960A3E8EC67}"
EndProject
Project("{54435603-DBB4-11D2-8724-00A0C9A8B90C}") = "Setup", "Setup\Setup.vdproj", "{DBE9999D-346E-CA63-6964-F3B7FC1D42B4}"
EndProject
Global
	GlobalSection(SolutionConfigurationPlatforms) = preSolution
		Debug|x64 = Debug|x64
		Debug|x86 = Debug|x86
		Release|x64 = Release|x64
		Release|x86 = Release|x86
	EndGlobalSection
	GlobalSection(ProjectConfigurationPlatforms) = postSolution
		{8A365E9A-29CD-446B-A7ED-C57586ECD319}.Debug|x64.ActiveCfg = Debug|x64
		{8A365E9A-29CD-446B-A7ED-C57586ECD319}.Debug|x64.Build.0 = Debug|x64
		{8A365E9A-29CD-446B-A7ED-C57586ECD319}.Debug|x86.ActiveCfg = Debug|Win32
		{8A365E9A-29CD-446B-A7ED-C57586ECD319}.Debug|x86.Build.0 = Debug|Win32
		{8A365E9A-29CD-446B-A7ED-C57586ECD319}.Release|x64.ActiveCfg = Release|x64
		{8A365E9A-29CD-446B-A7ED-C57586ECD319}.Release|x64.Build.0 = Release|x64
		{8A365E9A-29CD-446B-A7ED-C57586ECD319}.Release|x86.ActiveCfg = Release|Win32
		{8A365E9A-29CD-446B-A7ED-C57586ECD319}.Release|x86.Build.0 = Release|Win32
		{7AB89EE5-EFD1-4E31-A8E8-83BD9C32DDE0}.Debug|x64.ActiveCfg = Debug|x64
		{7AB89EE5-EFD1-4E31-A8E8-83BD9C32DDE0}.Debug|x64.Build.0 = Debug|x64
		{7AB89EE5-EFD1-4E31-A8E8-83BD9C32DDE0}.Debug|x86.ActiveCfg = Debug|Win32
		{7AB89EE5-EFD1-4E31-A8E8-83BD9C32DDE0}.Debug|x86.Build.0 = Debug|Win32
		{7AB89EE5-EFD1-4E31-A8E8-83BD9C32DDE0}.Release|x64.ActiveCfg = Release|x64
		{7AB89EE5-EFD1-4E31-A8E8-83BD9C32DDE0}.Release|x64.Build.0 = Release|x64
		{7AB89EE5-EFD1-4E31-A8E8-83BD9C32DDE0}.Release|x86.ActiveCfg = Release|Win32
		{7AB89EE5-EFD1-4E31-A8E8-83BD9C32DDE0}.Release|x86.Build.0 = Release|Win32
		{517FFB10-961E-4A42-88AE-D8BEF1AEA40A}.Debug|x64.ActiveCfg = Debug|x64
		{517FFB10-961E-4A42-88AE-D8BEF1AEA40A}.Debug|x64.Build.0 = Debug|x64
		{517FFB10-961E-4A42-88AE-D8BEF1AEA40A}.Debug|x86.ActiveCfg = Debug|Win32
		{517FFB10-961E-4A42-88AE-D8BEF1AEA40A}.Debug|x86.Build.0 = Debug|Win32
		{517FFB10-961E-4A42-88AE-D8BEF1AEA40A}.Release|x64.ActiveCfg = Release|x64
		{517FFB10-961E-4A42-88AE-D8BEF1AEA40A}.Release|x64.Build.0 = Release|x64
		{517FFB10-961E-4A42-88AE-D8BEF1AEA40A}.Release|x86.ActiveCfg = Release|Win32
		{517FFB10-961E-4A42-88AE-D8BEF1AEA40A}.Release|x86.Build.0 = Release|Win32
		{D8F66C1A-88E8-4264-8042-E95C130078B2}.Debug|x64.ActiveCfg = Debug|x64
		{D8F66C1A-88E8-4264-8042-E95C130078B2}.Debug|x64.Build.0 = Debug|x64
		{D8F66C1A-88E8-4264-8042-E95C130078B2}.Debug|x86.ActiveCfg = Debug|Win32
		{D8F66C1A-88E8-4264-8042-E95C130078B2}.Debug|x86.Build.0 = Debug|Win32
		{D8F66C1A-88E8-4264-8042-E95C130078B2}.Release|x64.ActiveCfg = Release|x64
		{D8F66C1A-88E8-4264-8042-E95C130078B2}.Release|x64.Build.0 = Release|x64
		{D8F66C1A-88E8-4264-8042-E95C130078B2}.Release|x86.ActiveCfg = Release|Win32
		{D8F66C1A-88E8-4264-8042-E95C130078B2}.Release|x86.Build.0 = Release|Win32
		{3B08EAA8-0FFE-4E71-9CFA-318BE80A77C7}.Debug|x64.ActiveCfg = Debug|x64
		{3B08EAA8-0FFE-4E71-9CFA-318BE80A77C7}.Debug|x64.Build.0 = Debug|x64
		{3B08EAA8-0FFE-4E71-9CFA-318BE80A77C7}.Debug|x86.ActiveCfg = Debug|Win32
		{3B08EAA8-0FFE-4E71-9CFA-318BE80A77C7}.Debug|x86.Build.0 = Debug|Win32
		{3B08EAA8-0FFE-4E71-9CFA-318BE80A77C7}.Release|x64.ActiveCfg = Release|x64
		{3B08EAA8-0FFE-4E71-9CFA-318BE80A77C7}.Release|x64.Build.0 = Release|x64
		{3B08EAA8-0FFE-4E71-9CFA-318BE80A77C7}.Release|x86.ActiveCfg = Release|Win32
		{3B08EAA8-0FFE-4E71-9CFA-318BE80A77C7}.Release|x86.Build.0 = Release|Win32
		{1E2C969B-CCDB-449B-8136-34447CA0F906}.Debug|x64.ActiveCfg = Debug|x64
		{1E2C969B-CCDB-449B-8136-34447CA0F906}.Debug|x64.Build.0 = Debug|x64
		{1E2C969B-CCDB-449B-8136-34447CA0F906}.Debug|x86.ActiveCfg = Debug|Win32
		{1E2C969B-CCDB-449B-8136-34447CA0F906}.Debug|x86.Build.0 = Debug|Win32
		{1E2C969B-CCDB-449B-8136-34447CA0F906}.Release|x64.ActiveCfg = Release|x64
		{1E2C969B-CCDB-449B-8136-34447CA0F906}.Release|x64.Build.0 = Release|x64
		{1E2C969B-CCDB-449B-8136-34447CA0F906}.Release|x86.ActiveCfg = Release|Win32
		{1E2C969B-CCDB-449B-8136-34447CA0F906}.Release|x86.Build.0 = Release|Win32
		{24CAD3AC-5A6C-4B71-A101-7960A3E8EC67}.Debug|x64.ActiveCfg = Debug|x64
		{24CAD3AC-5A6C-4B71-A101-7960A3E8EC67}.Debug|x64.Build.0 = Debug|x64
		{24CAD3AC-5A6C-4B71-A101-7960A3E8EC67}.Debug|x86.ActiveCfg = Debug|Win32
		{24CAD3AC-5A6C-4B71-A101-7960A3E8EC67}.Debug|x86.Build.0 = Debug|Win32
		{24CAD3AC-5A6C-4B71-A101-7960A3E8EC67}.Release|x64.ActiveCfg = Release|x64
		{24CAD3AC-5A6C-4B71-A101-7960A3E8EC67}.Release|x64.Build.0 = Release|x64
		{24CAD3AC-5A6C-4B71-A101-7960A3E8EC67}.Release|x86.ActiveCfg = Release|Win32
		{24CAD3AC-5A6C-4B71-A101-7960A3E8EC67}.Release|x86.Build.0 = Release|Win32
		{DBE9999D-346E-CA63-6964-F3B7FC1D42B4}.Debug|x64.ActiveCfg = Debug
		{DBE9999D-346E-CA63-6964-F3B7FC1D42B4}.Debug|x86.ActiveCfg = Debug
		{DBE9999D-346E-CA63-6964-F3B7FC1D42B4}.Release|x64.ActiveCfg = Release
		{DBE9999D-346E-CA63-6964-F3B7FC1D42B4}.Release|x86.ActiveCfg = Release
	EndGlobalSection
	GlobalSection(SolutionProperties) = preSolution
		HideSolutionNode = FALSE
	EndGlobalSection
	GlobalSection(ExtensibilityGlobals) = postSolution
		SolutionGuid = {A7222481-A288-465F-9565-26EBD10BE657}
	EndGlobalSection
EndGlobal
